
Microsoft Visual Studio Solution File, Format Version 12.00
# Visual Studio 15
VisualStudioVersion = 15.0.28010.2003
MinimumVisualStudioVersion = 10.0.40219.1
Project("{FAE04EC0-301F-11D3-BF4B-00C04F79EFBC}") = "DYManagement.Android", "DYManagement\DYManagement.Android\DYManagement.Android.csproj", "{F91C4F19-5404-4FF8-B58C-2B3FD7E23116}"
EndProject
Project("{FAE04EC0-301F-11D3-BF4B-00C04F79EFBC}") = "DYManagement.iOS", "DYManagement\DYManagement.iOS\DYManagement.iOS.csproj", "{00F82E22-1956-4078-BE6F-9FFE62C0B840}"
EndProject
Project("{FAE04EC0-301F-11D3-BF4B-00C04F79EFBC}") = "DYManagement", "DYManagement\DYManagement\DYManagement.csproj", "{09891280-E1FB-41C0-A36E-1FB61FA147AD}"
EndProject
Global
	GlobalSection(SolutionConfigurationPlatforms) = preSolution
		Ad-Hoc|Any CPU = Ad-Hoc|Any CPU
		Ad-Hoc|iPhone = Ad-Hoc|iPhone
		Ad-Hoc|iPhoneSimulator = Ad-Hoc|iPhoneSimulator
		AppStore|Any CPU = AppStore|Any CPU
		AppStore|iPhone = AppStore|iPhone
		AppStore|iPhoneSimulator = AppStore|iPhoneSimulator
		Debug|Any CPU = Debug|Any CPU
		Debug|iPhone = Debug|iPhone
		Debug|iPhoneSimulator = Debug|iPhoneSimulator
		Release|Any CPU = Release|Any CPU
		Release|iPhone = Release|iPhone
		Release|iPhoneSimulator = Release|iPhoneSimulator
	EndGlobalSection
	GlobalSection(ProjectConfigurationPlatforms) = postSolution
		{F91C4F19-5404-4FF8-B58C-2B3FD7E23116}.Ad-Hoc|Any CPU.ActiveCfg = Release|Any CPU
		{F91C4F19-5404-4FF8-B58C-2B3FD7E23116}.Ad-Hoc|Any CPU.Build.0 = Release|Any CPU
		{F91C4F19-5404-4FF8-B58C-2B3FD7E23116}.Ad-Hoc|Any CPU.Deploy.0 = Release|Any CPU
		{F91C4F19-5404-4FF8-B58C-2B3FD7E23116}.Ad-Hoc|iPhone.ActiveCfg = Release|Any CPU
		{F91C4F19-5404-4FF8-B58C-2B3FD7E23116}.Ad-Hoc|iPhone.Build.0 = Release|Any CPU
		{F91C4F19-5404-4FF8-B58C-2B3FD7E23116}.Ad-Hoc|iPhone.Deploy.0 = Release|Any CPU
		{F91C4F19-5404-4FF8-B58C-2B3FD7E23116}.Ad-Hoc|iPhoneSimulator.ActiveCfg = Release|Any CPU
		{F91C4F19-5404-4FF8-B58C-2B3FD7E23116}.Ad-Hoc|iPhoneSimulator.Build.0 = Release|Any CPU
		{F91C4F19-5404-4FF8-B58C-2B3FD7E23116}.Ad-Hoc|iPhoneSimulator.Deploy.0 = Release|Any CPU
		{F91C4F19-5404-4FF8-B58C-2B3FD7E23116}.AppStore|Any CPU.ActiveCfg = Release|Any CPU
		{F91C4F19-5404-4FF8-B58C-2B3FD7E23116}.AppStore|Any CPU.Build.0 = Release|Any CPU
		{F91C4F19-5404-4FF8-B58C-2B3FD7E23116}.AppStore|Any CPU.Deploy.0 = Release|Any CPU
		{F91C4F19-5404-4FF8-B58C-2B3FD7E23116}.AppStore|iPhone.ActiveCfg = Release|Any CPU
		{F91C4F19-5404-4FF8-B58C-2B3FD7E23116}.AppStore|iPhone.Build.0 = Release|Any CPU
		{F91C4F19-5404-4FF8-B58C-2B3FD7E23116}.AppStore|iPhone.Deploy.0 = Release|Any CPU
		{F91C4F19-5404-4FF8-B58C-2B3FD7E23116}.AppStore|iPhoneSimulator.ActiveCfg = Release|Any CPU
		{F91C4F19-5404-4FF8-B58C-2B3FD7E23116}.AppStore|iPhoneSimulator.Build.0 = Release|Any CPU
		{F91C4F19-5404-4FF8-B58C-2B3FD7E23116}.AppStore|iPhoneSimulator.Deploy.0 = Release|Any CPU
		{F91C4F19-5404-4FF8-B58C-2B3FD7E23116}.Debug|Any CPU.ActiveCfg = Debug|Any CPU
		{F91C4F19-5404-4FF8-B58C-2B3FD7E23116}.Debug|Any CPU.Build.0 = Debug|Any CPU
		{F91C4F19-5404-4FF8-B58C-2B3FD7E23116}.Debug|Any CPU.Deploy.0 = Debug|Any CPU
		{F91C4F19-5404-4FF8-B58C-2B3FD7E23116}.Debug|iPhone.ActiveCfg = Debug|Any CPU
		{F91C4F19-5404-4FF8-B58C-2B3FD7E23116}.Debug|iPhone.Build.0 = Debug|Any CPU
		{F91C4F19-5404-4FF8-B58C-2B3FD7E23116}.Debug|iPhone.Deploy.0 = Debug|Any CPU
		{F91C4F19-5404-4FF8-B58C-2B3FD7E23116}.Debug|iPhoneSimulator.ActiveCfg = Debug|Any CPU
		{F91C4F19-5404-4FF8-B58C-2B3FD7E23116}.Debug|iPhoneSimulator.Build.0 = Debug|Any CPU
		{F91C4F19-5404-4FF8-B58C-2B3FD7E23116}.Debug|iPhoneSimulator.Deploy.0 = Debug|Any CPU
		{F91C4F19-5404-4FF8-B58C-2B3FD7E23116}.Release|Any CPU.ActiveCfg = Release|Any CPU
		{F91C4F19-5404-4FF8-B58C-2B3FD7E23116}.Release|Any CPU.Build.0 = Release|Any CPU
		{F91C4F19-5404-4FF8-B58C-2B3FD7E23116}.Release|Any CPU.Deploy.0 = Release|Any CPU
		{F91C4F19-5404-4FF8-B58C-2B3FD7E23116}.Release|iPhone.ActiveCfg = Release|Any CPU
		{F91C4F19-5404-4FF8-B58C-2B3FD7E23116}.Release|iPhone.Build.0 = Release|Any CPU
		{F91C4F19-5404-4FF8-B58C-2B3FD7E23116}.Release|iPhone.Deploy.0 = Release|Any CPU
		{F91C4F19-5404-4FF8-B58C-2B3FD7E23116}.Release|iPhoneSimulator.ActiveCfg = Release|Any CPU
		{F91C4F19-5404-4FF8-B58C-2B3FD7E23116}.Release|iPhoneSimulator.Build.0 = Release|Any CPU
		{F91C4F19-5404-4FF8-B58C-2B3FD7E23116}.Release|iPhoneSimulator.Deploy.0 = Release|Any CPU
		{00F82E22-1956-4078-BE6F-9FFE62C0B840}.Ad-Hoc|Any CPU.ActiveCfg = Ad-Hoc|iPhone
		{00F82E22-1956-4078-BE6F-9FFE62C0B840}.Ad-Hoc|Any CPU.Build.0 = Ad-Hoc|iPhone
		{00F82E22-1956-4078-BE6F-9FFE62C0B840}.Ad-Hoc|Any CPU.Deploy.0 = Ad-Hoc|iPhone
		{00F82E22-1956-4078-BE6F-9FFE62C0B840}.Ad-Hoc|iPhone.ActiveCfg = Ad-Hoc|iPhone
		{00F82E22-1956-4078-BE6F-9FFE62C0B840}.Ad-Hoc|iPhone.Build.0 = Ad-Hoc|iPhone
		{00F82E22-1956-4078-BE6F-9FFE62C0B840}.Ad-Hoc|iPhone.Deploy.0 = Ad-Hoc|iPhone
		{00F82E22-1956-4078-BE6F-9FFE62C0B840}.Ad-Hoc|iPhoneSimulator.ActiveCfg = Ad-Hoc|iPhoneSimulator
		{00F82E22-1956-4078-BE6F-9FFE62C0B840}.Ad-Hoc|iPhoneSimulator.Build.0 = Ad-Hoc|iPhoneSimulator
		{00F82E22-1956-4078-BE6F-9FFE62C0B840}.Ad-Hoc|iPhoneSimulator.Deploy.0 = Ad-Hoc|iPhoneSimulator
		{00F82E22-1956-4078-BE6F-9FFE62C0B840}.AppStore|Any CPU.ActiveCfg = AppStore|iPhone
		{00F82E22-1956-4078-BE6F-9FFE62C0B840}.AppStore|Any CPU.Build.0 = AppStore|iPhone
		{00F82E22-1956-4078-BE6F-9FFE62C0B840}.AppStore|Any CPU.Deploy.0 = AppStore|iPhone
		{00F82E22-1956-4078-BE6F-9FFE62C0B840}.AppStore|iPhone.ActiveCfg = AppStore|iPhone
		{00F82E22-1956-4078-BE6F-9FFE62C0B840}.AppStore|iPhone.Build.0 = AppStore|iPhone
		{00F82E22-1956-4078-BE6F-9FFE62C0B840}.AppStore|iPhone.Deploy.0 = AppStore|iPhone
		{00F82E22-1956-4078-BE6F-9FFE62C0B840}.AppStore|iPhoneSimulator.ActiveCfg = AppStore|iPhoneSimulator
		{00F82E22-1956-4078-BE6F-9FFE62C0B840}.AppStore|iPhoneSimulator.Build.0 = AppStore|iPhoneSimulator
		{00F82E22-1956-4078-BE6F-9FFE62C0B840}.AppStore|iPhoneSimulator.Deploy.0 = AppStore|iPhoneSimulator
		{00F82E22-1956-4078-BE6F-9FFE62C0B840}.Debug|Any CPU.ActiveCfg = Debug|iPhoneSimulator
		{00F82E22-1956-4078-BE6F-9FFE62C0B840}.Debug|Any CPU.Build.0 = Debug|iPhoneSimulator
		{00F82E22-1956-4078-BE6F-9FFE62C0B840}.Debug|Any CPU.Deploy.0 = Debug|iPhoneSimulator
		{00F82E22-1956-4078-BE6F-9FFE62C0B840}.Debug|iPhone.ActiveCfg = Debug|iPhone
		{00F82E22-1956-4078-BE6F-9FFE62C0B840}.Debug|iPhone.Build.0 = Debug|iPhone
		{00F82E22-1956-4078-BE6F-9FFE62C0B840}.Debug|iPhone.Deploy.0 = Debug|iPhone
		{00F82E22-1956-4078-BE6F-9FFE62C0B840}.Debug|iPhoneSimulator.ActiveCfg = Debug|iPhoneSimulator
		{00F82E22-1956-4078-BE6F-9FFE62C0B840}.Debug|iPhoneSimulator.Build.0 = Debug|iPhoneSimulator
		{00F82E22-1956-4078-BE6F-9FFE62C0B840}.Debug|iPhoneSimulator.Deploy.0 = Debug|iPhoneSimulator
		{00F82E22-1956-4078-BE6F-9FFE62C0B840}.Release|Any CPU.ActiveCfg = Release|iPhone
		{00F82E22-1956-4078-BE6F-9FFE62C0B840}.Release|Any CPU.Build.0 = Release|iPhone
		{00F82E22-1956-4078-BE6F-9FFE62C0B840}.Release|Any CPU.Deploy.0 = Release|iPhone
		{00F82E22-1956-4078-BE6F-9FFE62C0B840}.Release|iPhone.ActiveCfg = Release|iPhone
		{00F82E22-1956-4078-BE6F-9FFE62C0B840}.Release|iPhone.Build.0 = Release|iPhone
		{00F82E22-1956-4078-BE6F-9FFE62C0B840}.Release|iPhone.Deploy.0 = Release|iPhone
		{00F82E22-1956-4078-BE6F-9FFE62C0B840}.Release|iPhoneSimulator.ActiveCfg = Release|iPhoneSimulator
		{00F82E22-1956-4078-BE6F-9FFE62C0B840}.Release|iPhoneSimulator.Build.0 = Release|iPhoneSimulator
		{00F82E22-1956-4078-BE6F-9FFE62C0B840}.Release|iPhoneSimulator.Deploy.0 = Release|iPhoneSimulator
		{09891280-E1FB-41C0-A36E-1FB61FA147AD}.Ad-Hoc|Any CPU.ActiveCfg = Debug|Any CPU
		{09891280-E1FB-41C0-A36E-1FB61FA147AD}.Ad-Hoc|Any CPU.Build.0 = Debug|Any CPU
		{09891280-E1FB-41C0-A36E-1FB61FA147AD}.Ad-Hoc|Any CPU.Deploy.0 = Debug|Any CPU
		{09891280-E1FB-41C0-A36E-1FB61FA147AD}.Ad-Hoc|iPhone.ActiveCfg = Debug|Any CPU
		{09891280-E1FB-41C0-A36E-1FB61FA147AD}.Ad-Hoc|iPhone.Build.0 = Debug|Any CPU
		{09891280-E1FB-41C0-A36E-1FB61FA147AD}.Ad-Hoc|iPhone.Deploy.0 = Debug|Any CPU
		{09891280-E1FB-41C0-A36E-1FB61FA147AD}.Ad-Hoc|iPhoneSimulator.ActiveCfg = Debug|Any CPU
		{09891280-E1FB-41C0-A36E-1FB61FA147AD}.Ad-Hoc|iPhoneSimulator.Build.0 = Debug|Any CPU
		{09891280-E1FB-41C0-A36E-1FB61FA147AD}.Ad-Hoc|iPhoneSimulator.Deploy.0 = Debug|Any CPU
		{09891280-E1FB-41C0-A36E-1FB61FA147AD}.AppStore|Any CPU.ActiveCfg = Debug|Any CPU
		{09891280-E1FB-41C0-A36E-1FB61FA147AD}.AppStore|Any CPU.Build.0 = Debug|Any CPU
		{09891280-E1FB-41C0-A36E-1FB61FA147AD}.AppStore|Any CPU.Deploy.0 = Debug|Any CPU
		{09891280-E1FB-41C0-A36E-1FB61FA147AD}.AppStore|iPhone.ActiveCfg = Debug|Any CPU
		{09891280-E1FB-41C0-A36E-1FB61FA147AD}.AppStore|iPhone.Build.0 = Debug|Any CPU
		{09891280-E1FB-41C0-A36E-1FB61FA147AD}.AppStore|iPhone.Deploy.0 = Debug|Any CPU
		{09891280-E1FB-41C0-A36E-1FB61FA147AD}.AppStore|iPhoneSimulator.ActiveCfg = Debug|Any CPU
		{09891280-E1FB-41C0-A36E-1FB61FA147AD}.AppStore|iPhoneSimulator.Build.0 = Debug|Any CPU
		{09891280-E1FB-41C0-A36E-1FB61FA147AD}.AppStore|iPhoneSimulator.Deploy.0 = Debug|Any CPU
		{09891280-E1FB-41C0-A36E-1FB61FA147AD}.Debug|Any CPU.ActiveCfg = Debug|Any CPU
		{09891280-E1FB-41C0-A36E-1FB61FA147AD}.Debug|Any CPU.Build.0 = Debug|Any CPU
		{09891280-E1FB-41C0-A36E-1FB61FA147AD}.Debug|Any CPU.Deploy.0 = Debug|Any CPU
		{09891280-E1FB-41C0-A36E-1FB61FA147AD}.Debug|iPhone.ActiveCfg = Debug|Any CPU
		{09891280-E1FB-41C0-A36E-1FB61FA147AD}.Debug|iPhone.Build.0 = Debug|Any CPU
		{09891280-E1FB-41C0-A36E-1FB61FA147AD}.Debug|iPhone.Deploy.0 = Debug|Any CPU
		{09891280-E1FB-41C0-A36E-1FB61FA147AD}.Debug|iPhoneSimulator.ActiveCfg = Debug|Any CPU
		{09891280-E1FB-41C0-A36E-1FB61FA147AD}.Debug|iPhoneSimulator.Build.0 = Debug|Any CPU
		{09891280-E1FB-41C0-A36E-1FB61FA147AD}.Debug|iPhoneSimulator.Deploy.0 = Debug|Any CPU
		{09891280-E1FB-41C0-A36E-1FB61FA147AD}.Release|Any CPU.ActiveCfg = Release|Any CPU
		{09891280-E1FB-41C0-A36E-1FB61FA147AD}.Release|Any CPU.Build.0 = Release|Any CPU
		{09891280-E1FB-41C0-A36E-1FB61FA147AD}.Release|Any CPU.Deploy.0 = Release|Any CPU
		{09891280-E1FB-41C0-A36E-1FB61FA147AD}.Release|iPhone.ActiveCfg = Release|Any CPU
		{09891280-E1FB-41C0-A36E-1FB61FA147AD}.Release|iPhone.Build.0 = Release|Any CPU
		{09891280-E1FB-41C0-A36E-1FB61FA147AD}.Release|iPhone.Deploy.0 = Release|Any CPU
		{09891280-E1FB-41C0-A36E-1FB61FA147AD}.Release|iPhoneSimulator.ActiveCfg = Release|Any CPU
		{09891280-E1FB-41C0-A36E-1FB61FA147AD}.Release|iPhoneSimulator.Build.0 = Release|Any CPU
		{09891280-E1FB-41C0-A36E-1FB61FA147AD}.Release|iPhoneSimulator.Deploy.0 = Release|Any CPU
	EndGlobalSection
	GlobalSection(SolutionProperties) = preSolution
		HideSolutionNode = FALSE
	EndGlobalSection
	GlobalSection(ExtensibilityGlobals) = postSolution
		SolutionGuid = {F923880E-0079-4E77-8A8A-27989812A189}
	EndGlobalSection
EndGlobal
